{
    "packages": [
        {
            "name": "author-1/used-package",
            "version": "v1.0.0"
        },
        {
            "name": "author-1/unused-package",
            "version": "v1.0.0"
        },
        {
            "name": "author-1/fairly-unused-package",
            "version": "v1.0.0"
        },
        {
            "name": "author-1/ignored-package",
            "version": "v1.0.0"
        }
    ]
}
